{
    "_readme": [
        "This file locks the dependencies of your project to a known state",
        "Read more about it at https://getcomposer.org/doc/01-basic-usage.md#composer-lock-the-lock-file",
        "This file is @generated automatically"
    ],
    "hash": "413799cd3730b6598945194167004c3d",
    "content-hash": "883f1eefcf318e02e0d6d6b32559de00",
    "packages": [
        {
            "name": "ozdemir/datatables",
            "version": "1.6.4",
            "source": {
                "type": "git",
                "url": "https://github.com/n1crack/datatables.git",
                "reference": "c02623806e09b699fdd4cf5917c38ad9a5190ce9"
            },
            "dist": {
                "type": "zip",
                "url": "https://api.github.com/repos/n1crack/datatables/zipball/c02623806e09b699fdd4cf5917c38ad9a5190ce9",
                "reference": "c02623806e09b699fdd4cf5917c38ad9a5190ce9",
                "shasum": ""
            },
            "require-dev": {
                "phpspec/phpspec": "~2.0"
            },
            "type": "library",
            "autoload": {
                "psr-4": {
                    "Ozdemir\\Datatables\\": "src/"
                }
            },
            "notification-url": "https://packagist.org/downloads/",
            "license": [
                "MIT"
            ],
            "authors": [
                {
                    "name": "Yusuf Özdemir",
                    "email": "yusuf@ozdemir.be"
                }
            ],
            "description": "PHP Library to handle server-side processing for Datatables, in a fast and simple way.",
            "time": "2017-02-10 19:48:44"
        }
    ],
    "packages-dev": [],
    "aliases": [],
    "minimum-stability": "stable",
    "stability-flags": [],
    "prefer-stable": false,
    "prefer-lowest": false,
    "platform": [],
    "platform-dev": []
}
